// !$*UTF8*$!
{
	archiveVersion = 1;
	classes = {
	};
	objectVersion = 56;
	objects = {

/* Begin PBXBuildFile section */
		A045FCC12B6E717B00BA3518 /* RestaurantsPresenter.swift in Sources */ = {isa = PBXBuildFile; fileRef = A045FCC02B6E717B00BA3518 /* RestaurantsPresenter.swift */; };
		A045FCC32B6E718B00BA3518 /* RestaurantsInteractor.swift in Sources */ = {isa = PBXBuildFile; fileRef = A045FCC22B6E718B00BA3518 /* RestaurantsInteractor.swift */; };
		A045FCC52B6E719500BA3518 /* RestaurantsRouter.swift in Sources */ = {isa = PBXBuildFile; fileRef = A045FCC42B6E719500BA3518 /* RestaurantsRouter.swift */; };
		A045FCC72B6E71A300BA3518 /* RestaurantsModuleBuilder.swift in Sources */ = {isa = PBXBuildFile; fileRef = A045FCC62B6E71A300BA3518 /* RestaurantsModuleBuilder.swift */; };
		A045FCC92B6E730B00BA3518 /* RestaurantsService.swift in Sources */ = {isa = PBXBuildFile; fileRef = A045FCC82B6E730B00BA3518 /* RestaurantsService.swift */; };
		A045FCCB2B6E735800BA3518 /* RestaurantsModel.swift in Sources */ = {isa = PBXBuildFile; fileRef = A045FCCA2B6E735800BA3518 /* RestaurantsModel.swift */; };
		A045FCCD2B6E86B400BA3518 /* RestaurantTableViewCell.swift in Sources */ = {isa = PBXBuildFile; fileRef = A045FCCC2B6E86B400BA3518 /* RestaurantTableViewCell.swift */; };
		A045FCD02B6E871B00BA3518 /* BaseTableViewCell.swift in Sources */ = {isa = PBXBuildFile; fileRef = A045FCCF2B6E871B00BA3518 /* BaseTableViewCell.swift */; };
		A045FCD32B6EA6D100BA3518 /* LocationManager.swift in Sources */ = {isa = PBXBuildFile; fileRef = A045FCD22B6EA6D100BA3518 /* LocationManager.swift */; };
		A04CCE8E2B6D213F006FC749 /* LoginPresenter.swift in Sources */ = {isa = PBXBuildFile; fileRef = A04CCE8D2B6D213F006FC749 /* LoginPresenter.swift */; };
		A04CCE902B6D2150006FC749 /* LoginInteractor.swift in Sources */ = {isa = PBXBuildFile; fileRef = A04CCE8F2B6D2150006FC749 /* LoginInteractor.swift */; };
		A04CCE922B6D215F006FC749 /* LoginModuleBuilder.swift in Sources */ = {isa = PBXBuildFile; fileRef = A04CCE912B6D215F006FC749 /* LoginModuleBuilder.swift */; };
		A04CCE942B6D2168006FC749 /* LoginRouter.swift in Sources */ = {isa = PBXBuildFile; fileRef = A04CCE932B6D2168006FC749 /* LoginRouter.swift */; };
		A04CCE962B6D21B8006FC749 /* BaseViewController.swift in Sources */ = {isa = PBXBuildFile; fileRef = A04CCE952B6D21B8006FC749 /* BaseViewController.swift */; };
		A04CCE982B6D2277006FC749 /* BasePresenterProtocol.swift in Sources */ = {isa = PBXBuildFile; fileRef = A04CCE972B6D2277006FC749 /* BasePresenterProtocol.swift */; };
		A04CCE9B2B6D2658006FC749 /* LoginService.swift in Sources */ = {isa = PBXBuildFile; fileRef = A04CCE9A2B6D2658006FC749 /* LoginService.swift */; };
		A04CCEA32B6D48BC006FC749 /* BaseButton.swift in Sources */ = {isa = PBXBuildFile; fileRef = A04CCEA22B6D48BC006FC749 /* BaseButton.swift */; };
		A04CCEA52B6D4AA5006FC749 /* RegistrationViewController.swift in Sources */ = {isa = PBXBuildFile; fileRef = A04CCEA42B6D4AA5006FC749 /* RegistrationViewController.swift */; };
		A04CCEA72B6D4AB0006FC749 /* RegistrationPresenter.swift in Sources */ = {isa = PBXBuildFile; fileRef = A04CCEA62B6D4AB0006FC749 /* RegistrationPresenter.swift */; };
		A04CCEA92B6D4ABE006FC749 /* RegistrationInteractor.swift in Sources */ = {isa = PBXBuildFile; fileRef = A04CCEA82B6D4ABE006FC749 /* RegistrationInteractor.swift */; };
		A04CCEAB2B6D4AC8006FC749 /* RegistrationRouter.swift in Sources */ = {isa = PBXBuildFile; fileRef = A04CCEAA2B6D4AC8006FC749 /* RegistrationRouter.swift */; };
		A04CCEAD2B6D4AD9006FC749 /* RegistrationModuleBuilder.swift in Sources */ = {isa = PBXBuildFile; fileRef = A04CCEAC2B6D4AD9006FC749 /* RegistrationModuleBuilder.swift */; };
		A04CCEAF2B6D4BBE006FC749 /* RegistrationService.swift in Sources */ = {isa = PBXBuildFile; fileRef = A04CCEAE2B6D4BBE006FC749 /* RegistrationService.swift */; };
		A04CCEB12B6D4C05006FC749 /* RegistrationModel.swift in Sources */ = {isa = PBXBuildFile; fileRef = A04CCEB02B6D4C05006FC749 /* RegistrationModel.swift */; };
		A0D8D3AF2B6CD88E0018C98F /* AppDelegate.swift in Sources */ = {isa = PBXBuildFile; fileRef = A0D8D3AE2B6CD88E0018C98F /* AppDelegate.swift */; };
		A0D8D3B12B6CD88E0018C98F /* SceneDelegate.swift in Sources */ = {isa = PBXBuildFile; fileRef = A0D8D3B02B6CD88E0018C98F /* SceneDelegate.swift */; };
		A0D8D3B32B6CD88E0018C98F /* LoginViewController.swift in Sources */ = {isa = PBXBuildFile; fileRef = A0D8D3B22B6CD88E0018C98F /* LoginViewController.swift */; };
		A0D8D3B82B6CD88F0018C98F /* Assets.xcassets in Resources */ = {isa = PBXBuildFile; fileRef = A0D8D3B72B6CD88F0018C98F /* Assets.xcassets */; };
		A0D8D3BB2B6CD88F0018C98F /* LaunchScreen.storyboard in Resources */ = {isa = PBXBuildFile; fileRef = A0D8D3B92B6CD88F0018C98F /* LaunchScreen.storyboard */; };
		A0D8D3CA2B6CDA310018C98F /* SnapKit in Frameworks */ = {isa = PBXBuildFile; productRef = A0D8D3C92B6CDA310018C98F /* SnapKit */; };
		A0D8D3CC2B6CDA310018C98F /* SnapKit-Dynamic in Frameworks */ = {isa = PBXBuildFile; productRef = A0D8D3CB2B6CDA310018C98F /* SnapKit-Dynamic */; };
		A0D8D3CF2B6CDA830018C98F /* IQKeyboardManagerSwift in Frameworks */ = {isa = PBXBuildFile; productRef = A0D8D3CE2B6CDA830018C98F /* IQKeyboardManagerSwift */; };
		A0D8D3D62B6CDB020018C98F /* Alamofire in Frameworks */ = {isa = PBXBuildFile; productRef = A0D8D3D52B6CDB020018C98F /* Alamofire */; };
		A0D8D3D92B6CDB0F0018C98F /* Kingfisher in Frameworks */ = {isa = PBXBuildFile; productRef = A0D8D3D82B6CDB0F0018C98F /* Kingfisher */; };
		A0D8D3DC2B6CDB390018C98F /* UIView+extension.swift in Sources */ = {isa = PBXBuildFile; fileRef = A0D8D3DB2B6CDB390018C98F /* UIView+extension.swift */; };
		A0D8D3DE2B6CDB5A0018C98F /* UIStackView+extension.swift in Sources */ = {isa = PBXBuildFile; fileRef = A0D8D3DD2B6CDB5A0018C98F /* UIStackView+extension.swift */; };
		A0D8D3E12B6CDB8D0018C98F /* TypeDescribable.swift in Sources */ = {isa = PBXBuildFile; fileRef = A0D8D3E02B6CDB8D0018C98F /* TypeDescribable.swift */; };
		A0D8D3E42B6CDBBA0018C98F /* Encodable+extension.swift in Sources */ = {isa = PBXBuildFile; fileRef = A0D8D3E32B6CDBBA0018C98F /* Encodable+extension.swift */; };
		A0D8D3E62B6CDBDD0018C98F /* UITableViewCell+extension.swift in Sources */ = {isa = PBXBuildFile; fileRef = A0D8D3E52B6CDBDD0018C98F /* UITableViewCell+extension.swift */; };
		A0D8D3E82B6CDBEE0018C98F /* UITableView+extension.swift in Sources */ = {isa = PBXBuildFile; fileRef = A0D8D3E72B6CDBEE0018C98F /* UITableView+extension.swift */; };
		A0D8D3EB2B6CDC390018C98F /* BaseTextField.swift in Sources */ = {isa = PBXBuildFile; fileRef = A0D8D3EA2B6CDC390018C98F /* BaseTextField.swift */; };
		A0D8D3F02B6CDCB60018C98F /* NetworkManager.swift in Sources */ = {isa = PBXBuildFile; fileRef = A0D8D3EF2B6CDCB60018C98F /* NetworkManager.swift */; };
		A0D8D3F22B6CDCC80018C98F /* RequestProtocol.swift in Sources */ = {isa = PBXBuildFile; fileRef = A0D8D3F12B6CDCC80018C98F /* RequestProtocol.swift */; };
		A0D8D3F42B6CDCE20018C98F /* NetworkError.swift in Sources */ = {isa = PBXBuildFile; fileRef = A0D8D3F32B6CDCE20018C98F /* NetworkError.swift */; };
		A0D8D3F62B6CDCF70018C98F /* AFResult.swift in Sources */ = {isa = PBXBuildFile; fileRef = A0D8D3F52B6CDCF70018C98F /* AFResult.swift */; };
		A0D8D3FA2B6CDD8D0018C98F /* NavigationManager.swift in Sources */ = {isa = PBXBuildFile; fileRef = A0D8D3F92B6CDD8D0018C98F /* NavigationManager.swift */; };
		A0D8D3FC2B6CDE790018C98F /* RestaurantsViewController.swift in Sources */ = {isa = PBXBuildFile; fileRef = A0D8D3FB2B6CDE790018C98F /* RestaurantsViewController.swift */; };
		A0D8D3FF2B6CDF680018C98F /* LoginModel.swift in Sources */ = {isa = PBXBuildFile; fileRef = A0D8D3FE2B6CDF680018C98F /* LoginModel.swift */; };
		A0D8D4022B6CDFD20018C98F /* KeychainManager.swift in Sources */ = {isa = PBXBuildFile; fileRef = A0D8D4012B6CDFD20018C98F /* KeychainManager.swift */; };
/* End PBXBuildFile section */

/* Begin PBXFileReference section */
		A045FCC02B6E717B00BA3518 /* RestaurantsPresenter.swift */ = {isa = PBXFileReference; lastKnownFileType = sourcecode.swift; path = RestaurantsPresenter.swift; sourceTree = "<group>"; };
		A045FCC22B6E718B00BA3518 /* RestaurantsInteractor.swift */ = {isa = PBXFileReference; lastKnownFileType = sourcecode.swift; path = RestaurantsInteractor.swift; sourceTree = "<group>"; };
		A045FCC42B6E719500BA3518 /* RestaurantsRouter.swift */ = {isa = PBXFileReference; lastKnownFileType = sourcecode.swift; path = RestaurantsRouter.swift; sourceTree = "<group>"; };
		A045FCC62B6E71A300BA3518 /* RestaurantsModuleBuilder.swift */ = {isa = PBXFileReference; lastKnownFileType = sourcecode.swift; path = RestaurantsModuleBuilder.swift; sourceTree = "<group>"; };
		A045FCC82B6E730B00BA3518 /* RestaurantsService.swift */ = {isa = PBXFileReference; lastKnownFileType = sourcecode.swift; path = RestaurantsService.swift; sourceTree = "<group>"; };
		A045FCCA2B6E735800BA3518 /* RestaurantsModel.swift */ = {isa = PBXFileReference; lastKnownFileType = sourcecode.swift; path = RestaurantsModel.swift; sourceTree = "<group>"; };
		A045FCCC2B6E86B400BA3518 /* RestaurantTableViewCell.swift */ = {isa = PBXFileReference; lastKnownFileType = sourcecode.swift; path = RestaurantTableViewCell.swift; sourceTree = "<group>"; };
		A045FCCF2B6E871B00BA3518 /* BaseTableViewCell.swift */ = {isa = PBXFileReference; lastKnownFileType = sourcecode.swift; path = BaseTableViewCell.swift; sourceTree = "<group>"; };
		A045FCD22B6EA6D100BA3518 /* LocationManager.swift */ = {isa = PBXFileReference; lastKnownFileType = sourcecode.swift; path = LocationManager.swift; sourceTree = "<group>"; };
		A04CCE8D2B6D213F006FC749 /* LoginPresenter.swift */ = {isa = PBXFileReference; lastKnownFileType = sourcecode.swift; path = LoginPresenter.swift; sourceTree = "<group>"; };
		A04CCE8F2B6D2150006FC749 /* LoginInteractor.swift */ = {isa = PBXFileReference; lastKnownFileType = sourcecode.swift; path = LoginInteractor.swift; sourceTree = "<group>"; };
		A04CCE912B6D215F006FC749 /* LoginModuleBuilder.swift */ = {isa = PBXFileReference; lastKnownFileType = sourcecode.swift; path = LoginModuleBuilder.swift; sourceTree = "<group>"; };
		A04CCE932B6D2168006FC749 /* LoginRouter.swift */ = {isa = PBXFileReference; lastKnownFileType = sourcecode.swift; path = LoginRouter.swift; sourceTree = "<group>"; };
		A04CCE952B6D21B8006FC749 /* BaseViewController.swift */ = {isa = PBXFileReference; lastKnownFileType = sourcecode.swift; path = BaseViewController.swift; sourceTree = "<group>"; };
		A04CCE972B6D2277006FC749 /* BasePresenterProtocol.swift */ = {isa = PBXFileReference; lastKnownFileType = sourcecode.swift; path = BasePresenterProtocol.swift; sourceTree = "<group>"; };
		A04CCE9A2B6D2658006FC749 /* LoginService.swift */ = {isa = PBXFileReference; lastKnownFileType = sourcecode.swift; path = LoginService.swift; sourceTree = "<group>"; };
		A04CCEA22B6D48BC006FC749 /* BaseButton.swift */ = {isa = PBXFileReference; lastKnownFileType = sourcecode.swift; path = BaseButton.swift; sourceTree = "<group>"; };
		A04CCEA42B6D4AA5006FC749 /* RegistrationViewController.swift */ = {isa = PBXFileReference; lastKnownFileType = sourcecode.swift; path = RegistrationViewController.swift; sourceTree = "<group>"; };
		A04CCEA62B6D4AB0006FC749 /* RegistrationPresenter.swift */ = {isa = PBXFileReference; lastKnownFileType = sourcecode.swift; path = RegistrationPresenter.swift; sourceTree = "<group>"; };
		A04CCEA82B6D4ABE006FC749 /* RegistrationInteractor.swift */ = {isa = PBXFileReference; lastKnownFileType = sourcecode.swift; path = RegistrationInteractor.swift; sourceTree = "<group>"; };
		A04CCEAA2B6D4AC8006FC749 /* RegistrationRouter.swift */ = {isa = PBXFileReference; lastKnownFileType = sourcecode.swift; path = RegistrationRouter.swift; sourceTree = "<group>"; };
		A04CCEAC2B6D4AD9006FC749 /* RegistrationModuleBuilder.swift */ = {isa = PBXFileReference; lastKnownFileType = sourcecode.swift; path = RegistrationModuleBuilder.swift; sourceTree = "<group>"; };
		A04CCEAE2B6D4BBE006FC749 /* RegistrationService.swift */ = {isa = PBXFileReference; lastKnownFileType = sourcecode.swift; path = RegistrationService.swift; sourceTree = "<group>"; };
		A04CCEB02B6D4C05006FC749 /* RegistrationModel.swift */ = {isa = PBXFileReference; lastKnownFileType = sourcecode.swift; path = RegistrationModel.swift; sourceTree = "<group>"; };
		A0D8D3AB2B6CD88E0018C98F /* CoffeeLocation.app */ = {isa = PBXFileReference; explicitFileType = wrapper.application; includeInIndex = 0; path = CoffeeLocation.app; sourceTree = BUILT_PRODUCTS_DIR; };
		A0D8D3AE2B6CD88E0018C98F /* AppDelegate.swift */ = {isa = PBXFileReference; lastKnownFileType = sourcecode.swift; path = AppDelegate.swift; sourceTree = "<group>"; };
		A0D8D3B02B6CD88E0018C98F /* SceneDelegate.swift */ = {isa = PBXFileReference; lastKnownFileType = sourcecode.swift; path = SceneDelegate.swift; sourceTree = "<group>"; };
		A0D8D3B22B6CD88E0018C98F /* LoginViewController.swift */ = {isa = PBXFileReference; lastKnownFileType = sourcecode.swift; path = LoginViewController.swift; sourceTree = "<group>"; };
		A0D8D3B72B6CD88F0018C98F /* Assets.xcassets */ = {isa = PBXFileReference; lastKnownFileType = folder.assetcatalog; path = Assets.xcassets; sourceTree = "<group>"; };
		A0D8D3BA2B6CD88F0018C98F /* Base */ = {isa = PBXFileReference; lastKnownFileType = file.storyboard; name = Base; path = Base.lproj/LaunchScreen.storyboard; sourceTree = "<group>"; };
		A0D8D3BC2B6CD88F0018C98F /* Info.plist */ = {isa = PBXFileReference; lastKnownFileType = text.plist.xml; path = Info.plist; sourceTree = "<group>"; };
		A0D8D3DB2B6CDB390018C98F /* UIView+extension.swift */ = {isa = PBXFileReference; lastKnownFileType = sourcecode.swift; path = "UIView+extension.swift"; sourceTree = "<group>"; };
		A0D8D3DD2B6CDB5A0018C98F /* UIStackView+extension.swift */ = {isa = PBXFileReference; lastKnownFileType = sourcecode.swift; path = "UIStackView+extension.swift"; sourceTree = "<group>"; };
		A0D8D3E02B6CDB8D0018C98F /* TypeDescribable.swift */ = {isa = PBXFileReference; lastKnownFileType = sourcecode.swift; path = TypeDescribable.swift; sourceTree = "<group>"; };
		A0D8D3E32B6CDBBA0018C98F /* Encodable+extension.swift */ = {isa = PBXFileReference; lastKnownFileType = sourcecode.swift; path = "Encodable+extension.swift"; sourceTree = "<group>"; };
		A0D8D3E52B6CDBDD0018C98F /* UITableViewCell+extension.swift */ = {isa = PBXFileReference; lastKnownFileType = sourcecode.swift; path = "UITableViewCell+extension.swift"; sourceTree = "<group>"; };
		A0D8D3E72B6CDBEE0018C98F /* UITableView+extension.swift */ = {isa = PBXFileReference; lastKnownFileType = sourcecode.swift; path = "UITableView+extension.swift"; sourceTree = "<group>"; };
		A0D8D3EA2B6CDC390018C98F /* BaseTextField.swift */ = {isa = PBXFileReference; lastKnownFileType = sourcecode.swift; path = BaseTextField.swift; sourceTree = "<group>"; };
		A0D8D3EF2B6CDCB60018C98F /* NetworkManager.swift */ = {isa = PBXFileReference; lastKnownFileType = sourcecode.swift; path = NetworkManager.swift; sourceTree = "<group>"; };
		A0D8D3F12B6CDCC80018C98F /* RequestProtocol.swift */ = {isa = PBXFileReference; lastKnownFileType = sourcecode.swift; path = RequestProtocol.swift; sourceTree = "<group>"; };
		A0D8D3F32B6CDCE20018C98F /* NetworkError.swift */ = {isa = PBXFileReference; lastKnownFileType = sourcecode.swift; path = NetworkError.swift; sourceTree = "<group>"; };
		A0D8D3F52B6CDCF70018C98F /* AFResult.swift */ = {isa = PBXFileReference; lastKnownFileType = sourcecode.swift; path = AFResult.swift; sourceTree = "<group>"; };
		A0D8D3F92B6CDD8D0018C98F /* NavigationManager.swift */ = {isa = PBXFileReference; lastKnownFileType = sourcecode.swift; path = NavigationManager.swift; sourceTree = "<group>"; };
		A0D8D3FB2B6CDE790018C98F /* RestaurantsViewController.swift */ = {isa = PBXFileReference; lastKnownFileType = sourcecode.swift; path = RestaurantsViewController.swift; sourceTree = "<group>"; };
		A0D8D3FE2B6CDF680018C98F /* LoginModel.swift */ = {isa = PBXFileReference; lastKnownFileType = sourcecode.swift; path = LoginModel.swift; sourceTree = "<group>"; };
		A0D8D4012B6CDFD20018C98F /* KeychainManager.swift */ = {isa = PBXFileReference; lastKnownFileType = sourcecode.swift; path = KeychainManager.swift; sourceTree = "<group>"; };
/* End PBXFileReference section */

/* Begin PBXFrameworksBuildPhase section */
		A0D8D3A82B6CD88E0018C98F /* Frameworks */ = {
			isa = PBXFrameworksBuildPhase;
			buildActionMask = 2147483647;
			files = (
				A0D8D3CA2B6CDA310018C98F /* SnapKit in Frameworks */,
				A0D8D3D62B6CDB020018C98F /* Alamofire in Frameworks */,
				A0D8D3CC2B6CDA310018C98F /* SnapKit-Dynamic in Frameworks */,
				A0D8D3CF2B6CDA830018C98F /* IQKeyboardManagerSwift in Frameworks */,
				A0D8D3D92B6CDB0F0018C98F /* Kingfisher in Frameworks */,
			);
			runOnlyForDeploymentPostprocessing = 0;
		};
/* End PBXFrameworksBuildPhase section */

/* Begin PBXGroup section */
		A045FCCE2B6E86BC00BA3518 /* Components */ = {
			isa = PBXGroup;
			children = (
				A045FCCC2B6E86B400BA3518 /* RestaurantTableViewCell.swift */,
			);
			path = Components;
			sourceTree = "<group>";
		};
		A045FCD12B6EA6C600BA3518 /* Location */ = {
			isa = PBXGroup;
			children = (
				A045FCD22B6EA6D100BA3518 /* LocationManager.swift */,
			);
			path = Location;
			sourceTree = "<group>";
		};
		A04CCE992B6D2642006FC749 /* Services */ = {
			isa = PBXGroup;
			children = (
				A04CCE9A2B6D2658006FC749 /* LoginService.swift */,
				A04CCEAE2B6D4BBE006FC749 /* RegistrationService.swift */,
				A045FCC82B6E730B00BA3518 /* RestaurantsService.swift */,
			);
			path = Services;
			sourceTree = "<group>";
		};
		A0D8D3A22B6CD88E0018C98F = {
			isa = PBXGroup;
			children = (
				A0D8D3AD2B6CD88E0018C98F /* CoffeeLocation */,
				A0D8D3AC2B6CD88E0018C98F /* Products */,
			);
			sourceTree = "<group>";
		};
		A0D8D3AC2B6CD88E0018C98F /* Products */ = {
			isa = PBXGroup;
			children = (
				A0D8D3AB2B6CD88E0018C98F /* CoffeeLocation.app */,
			);
			name = Products;
			sourceTree = "<group>";
		};
		A0D8D3AD2B6CD88E0018C98F /* CoffeeLocation */ = {
			isa = PBXGroup;
			children = (
				A0D8D3C42B6CD9C40018C98F /* Application */,
				A0D8D3FD2B6CDF590018C98F /* Models */,
				A0D8D3EE2B6CDC9F0018C98F /* Managers */,
				A0D8D3C52B6CD9DB0018C98F /* Scenes */,
				A0D8D3E92B6CDC210018C98F /* Base */,
				A04CCE992B6D2642006FC749 /* Services */,
				A0D8D3DF2B6CDB770018C98F /* Common */,
				A0D8D3DA2B6CDB2C0018C98F /* Extensions */,
				A0D8D3C62B6CD9F30018C98F /* Storyboards */,
				A0D8D3C72B6CDA0D0018C98F /* Resources */,
			);
			path = CoffeeLocation;
			sourceTree = "<group>";
		};
		A0D8D3C22B6CD9200018C98F /* Login */ = {
			isa = PBXGroup;
			children = (
				A0D8D3B22B6CD88E0018C98F /* LoginViewController.swift */,
				A04CCE8D2B6D213F006FC749 /* LoginPresenter.swift */,
				A04CCE8F2B6D2150006FC749 /* LoginInteractor.swift */,
				A04CCE932B6D2168006FC749 /* LoginRouter.swift */,
				A04CCE912B6D215F006FC749 /* LoginModuleBuilder.swift */,
			);
			path = Login;
			sourceTree = "<group>";
		};
		A0D8D3C32B6CD9730018C98F /* Registration */ = {
			isa = PBXGroup;
			children = (
				A04CCEA42B6D4AA5006FC749 /* RegistrationViewController.swift */,
				A04CCEA62B6D4AB0006FC749 /* RegistrationPresenter.swift */,
				A04CCEA82B6D4ABE006FC749 /* RegistrationInteractor.swift */,
				A04CCEAA2B6D4AC8006FC749 /* RegistrationRouter.swift */,
				A04CCEAC2B6D4AD9006FC749 /* RegistrationModuleBuilder.swift */,
			);
			path = Registration;
			sourceTree = "<group>";
		};
		A0D8D3C42B6CD9C40018C98F /* Application */ = {
			isa = PBXGroup;
			children = (
				A0D8D3AE2B6CD88E0018C98F /* AppDelegate.swift */,
				A0D8D3B02B6CD88E0018C98F /* SceneDelegate.swift */,
			);
			path = Application;
			sourceTree = "<group>";
		};
		A0D8D3C52B6CD9DB0018C98F /* Scenes */ = {
			isa = PBXGroup;
			children = (
				A0D8D3C32B6CD9730018C98F /* Registration */,
				A0D8D3C22B6CD9200018C98F /* Login */,
				A0D8D3D02B6CDA9D0018C98F /* Restaurants */,
				A0D8D3D22B6CDAB90018C98F /* Menu */,
				A0D8D3D12B6CDAAE0018C98F /* Map */,
				A0D8D3D32B6CDAC10018C98F /* Order */,
			);
			path = Scenes;
			sourceTree = "<group>";
		};
		A0D8D3C62B6CD9F30018C98F /* Storyboards */ = {
			isa = PBXGroup;
			children = (
				A0D8D3B92B6CD88F0018C98F /* LaunchScreen.storyboard */,
			);
			path = Storyboards;
			sourceTree = "<group>";
		};
		A0D8D3C72B6CDA0D0018C98F /* Resources */ = {
			isa = PBXGroup;
			children = (
				A0D8D3BC2B6CD88F0018C98F /* Info.plist */,
				A0D8D3B72B6CD88F0018C98F /* Assets.xcassets */,
			);
			path = Resources;
			sourceTree = "<group>";
		};
		A0D8D3D02B6CDA9D0018C98F /* Restaurants */ = {
			isa = PBXGroup;
			children = (
				A045FCCE2B6E86BC00BA3518 /* Components */,
				A0D8D3FB2B6CDE790018C98F /* RestaurantsViewController.swift */,
				A045FCC02B6E717B00BA3518 /* RestaurantsPresenter.swift */,
				A045FCC22B6E718B00BA3518 /* RestaurantsInteractor.swift */,
				A045FCC42B6E719500BA3518 /* RestaurantsRouter.swift */,
				A045FCC62B6E71A300BA3518 /* RestaurantsModuleBuilder.swift */,
			);
			path = Restaurants;
			sourceTree = "<group>";
		};
		A0D8D3D12B6CDAAE0018C98F /* Map */ = {
			isa = PBXGroup;
			children = (
			);
			path = Map;
			sourceTree = "<group>";
		};
		A0D8D3D22B6CDAB90018C98F /* Menu */ = {
			isa = PBXGroup;
			children = (
			);
			path = Menu;
			sourceTree = "<group>";
		};
		A0D8D3D32B6CDAC10018C98F /* Order */ = {
			isa = PBXGroup;
			children = (
			);
			path = Order;
			sourceTree = "<group>";
		};
		A0D8D3DA2B6CDB2C0018C98F /* Extensions */ = {
			isa = PBXGroup;
			children = (
				A0D8D3DB2B6CDB390018C98F /* UIView+extension.swift */,
				A0D8D3DD2B6CDB5A0018C98F /* UIStackView+extension.swift */,
				A0D8D3E52B6CDBDD0018C98F /* UITableViewCell+extension.swift */,
				A0D8D3E32B6CDBBA0018C98F /* Encodable+extension.swift */,
				A0D8D3E72B6CDBEE0018C98F /* UITableView+extension.swift */,
			);
			path = Extensions;
			sourceTree = "<group>";
		};
		A0D8D3DF2B6CDB770018C98F /* Common */ = {
			isa = PBXGroup;
			children = (
				A0D8D3E02B6CDB8D0018C98F /* TypeDescribable.swift */,
			);
			path = Common;
			sourceTree = "<group>";
		};
		A0D8D3E92B6CDC210018C98F /* Base */ = {
			isa = PBXGroup;
			children = (
				A0D8D3EA2B6CDC390018C98F /* BaseTextField.swift */,
				A04CCEA22B6D48BC006FC749 /* BaseButton.swift */,
				A04CCE952B6D21B8006FC749 /* BaseViewController.swift */,
				A04CCE972B6D2277006FC749 /* BasePresenterProtocol.swift */,
				A045FCCF2B6E871B00BA3518 /* BaseTableViewCell.swift */,
			);
			path = Base;
			sourceTree = "<group>";
		};
		A0D8D3EE2B6CDC9F0018C98F /* Managers */ = {
			isa = PBXGroup;
			children = (
				A045FCD12B6EA6C600BA3518 /* Location */,
				A0D8D4002B6CDFC60018C98F /* Storage */,
				A0D8D3F82B6CDD610018C98F /* Navigation */,
				A0D8D3F72B6CDD250018C98F /* Networking */,
			);
			path = Managers;
			sourceTree = "<group>";
		};
		A0D8D3F72B6CDD250018C98F /* Networking */ = {
			isa = PBXGroup;
			children = (
				A0D8D3EF2B6CDCB60018C98F /* NetworkManager.swift */,
				A0D8D3F32B6CDCE20018C98F /* NetworkError.swift */,
				A0D8D3F12B6CDCC80018C98F /* RequestProtocol.swift */,
				A0D8D3F52B6CDCF70018C98F /* AFResult.swift */,
			);
			path = Networking;
			sourceTree = "<group>";
		};
		A0D8D3F82B6CDD610018C98F /* Navigation */ = {
			isa = PBXGroup;
			children = (
				A0D8D3F92B6CDD8D0018C98F /* NavigationManager.swift */,
			);
			path = Navigation;
			sourceTree = "<group>";
		};
		A0D8D3FD2B6CDF590018C98F /* Models */ = {
			isa = PBXGroup;
			children = (
				A0D8D3FE2B6CDF680018C98F /* LoginModel.swift */,
				A04CCEB02B6D4C05006FC749 /* RegistrationModel.swift */,
				A045FCCA2B6E735800BA3518 /* RestaurantsModel.swift */,
			);
			path = Models;
			sourceTree = "<group>";
		};
		A0D8D4002B6CDFC60018C98F /* Storage */ = {
			isa = PBXGroup;
			children = (
				A0D8D4012B6CDFD20018C98F /* KeychainManager.swift */,
			);
			path = Storage;
			sourceTree = "<group>";
		};
/* End PBXGroup section */

/* Begin PBXNativeTarget section */
		A0D8D3AA2B6CD88E0018C98F /* CoffeeLocation */ = {
			isa = PBXNativeTarget;
			buildConfigurationList = A0D8D3BF2B6CD88F0018C98F /* Build configuration list for PBXNativeTarget "CoffeeLocation" */;
			buildPhases = (
				A0D8D3A72B6CD88E0018C98F /* Sources */,
				A0D8D3A82B6CD88E0018C98F /* Frameworks */,
				A0D8D3A92B6CD88E0018C98F /* Resources */,
			);
			buildRules = (
			);
			dependencies = (
			);
			name = CoffeeLocation;
			packageProductDependencies = (
				A0D8D3C92B6CDA310018C98F /* SnapKit */,
				A0D8D3CB2B6CDA310018C98F /* SnapKit-Dynamic */,
				A0D8D3CE2B6CDA830018C98F /* IQKeyboardManagerSwift */,
				A0D8D3D52B6CDB020018C98F /* Alamofire */,
				A0D8D3D82B6CDB0F0018C98F /* Kingfisher */,
			);
			productName = CoffeeLocation;
			productReference = A0D8D3AB2B6CD88E0018C98F /* CoffeeLocation.app */;
			productType = "com.apple.product-type.application";
		};
/* End PBXNativeTarget section */

/* Begin PBXProject section */
		A0D8D3A32B6CD88E0018C98F /* Project object */ = {
			isa = PBXProject;
			attributes = {
				BuildIndependentTargetsInParallel = 1;
				LastSwiftUpdateCheck = 1500;
				LastUpgradeCheck = 1500;
				TargetAttributes = {
					A0D8D3AA2B6CD88E0018C98F = {
						CreatedOnToolsVersion = 15.0;
					};
				};
			};
			buildConfigurationList = A0D8D3A62B6CD88E0018C98F /* Build configuration list for PBXProject "CoffeeLocation" */;
			compatibilityVersion = "Xcode 14.0";
			developmentRegion = en;
			hasScannedForEncodings = 0;
			knownRegions = (
				en,
				Base,
			);
			mainGroup = A0D8D3A22B6CD88E0018C98F;
			packageReferences = (
				A0D8D3C82B6CDA300018C98F /* XCRemoteSwiftPackageReference "SnapKit" */,
				A0D8D3CD2B6CDA830018C98F /* XCRemoteSwiftPackageReference "IQKeyboardManager" */,
				A0D8D3D42B6CDB020018C98F /* XCRemoteSwiftPackageReference "Alamofire" */,
				A0D8D3D72B6CDB0F0018C98F /* XCRemoteSwiftPackageReference "Kingfisher" */,
			);
			productRefGroup = A0D8D3AC2B6CD88E0018C98F /* Products */;
			projectDirPath = "";
			projectRoot = "";
			targets = (
				A0D8D3AA2B6CD88E0018C98F /* CoffeeLocation */,
			);
		};
/* End PBXProject section */

/* Begin PBXResourcesBuildPhase section */
		A0D8D3A92B6CD88E0018C98F /* Resources */ = {
			isa = PBXResourcesBuildPhase;
			buildActionMask = 2147483647;
			files = (
				A0D8D3BB2B6CD88F0018C98F /* LaunchScreen.storyboard in Resources */,
				A0D8D3B82B6CD88F0018C98F /* Assets.xcassets in Resources */,
			);
			runOnlyForDeploymentPostprocessing = 0;
		};
/* End PBXResourcesBuildPhase section */

/* Begin PBXSourcesBuildPhase section */
		A0D8D3A72B6CD88E0018C98F /* Sources */ = {
			isa = PBXSourcesBuildPhase;
			buildActionMask = 2147483647;
			files = (
				A04CCEB12B6D4C05006FC749 /* RegistrationModel.swift in Sources */,
				A04CCEAF2B6D4BBE006FC749 /* RegistrationService.swift in Sources */,
				A04CCEA32B6D48BC006FC749 /* BaseButton.swift in Sources */,
				A0D8D3E82B6CDBEE0018C98F /* UITableView+extension.swift in Sources */,
				A0D8D3E12B6CDB8D0018C98F /* TypeDescribable.swift in Sources */,
				A045FCC12B6E717B00BA3518 /* RestaurantsPresenter.swift in Sources */,
				A0D8D3EB2B6CDC390018C98F /* BaseTextField.swift in Sources */,
				A04CCE962B6D21B8006FC749 /* BaseViewController.swift in Sources */,
				A0D8D3F22B6CDCC80018C98F /* RequestProtocol.swift in Sources */,
				A04CCE8E2B6D213F006FC749 /* LoginPresenter.swift in Sources */,
				A045FCC32B6E718B00BA3518 /* RestaurantsInteractor.swift in Sources */,
				A04CCEA92B6D4ABE006FC749 /* RegistrationInteractor.swift in Sources */,
				A04CCEAD2B6D4AD9006FC749 /* RegistrationModuleBuilder.swift in Sources */,
				A0D8D3B32B6CD88E0018C98F /* LoginViewController.swift in Sources */,
				A0D8D3FC2B6CDE790018C98F /* RestaurantsViewController.swift in Sources */,
				A04CCE922B6D215F006FC749 /* LoginModuleBuilder.swift in Sources */,
				A04CCE942B6D2168006FC749 /* LoginRouter.swift in Sources */,
				A0D8D3F02B6CDCB60018C98F /* NetworkManager.swift in Sources */,
				A045FCC92B6E730B00BA3518 /* RestaurantsService.swift in Sources */,
				A04CCEA52B6D4AA5006FC749 /* RegistrationViewController.swift in Sources */,
				A045FCCD2B6E86B400BA3518 /* RestaurantTableViewCell.swift in Sources */,
				A045FCC52B6E719500BA3518 /* RestaurantsRouter.swift in Sources */,
				A045FCCB2B6E735800BA3518 /* RestaurantsModel.swift in Sources */,
				A04CCE902B6D2150006FC749 /* LoginInteractor.swift in Sources */,
				A0D8D3AF2B6CD88E0018C98F /* AppDelegate.swift in Sources */,
				A0D8D3FF2B6CDF680018C98F /* LoginModel.swift in Sources */,
				A0D8D3F62B6CDCF70018C98F /* AFResult.swift in Sources */,
				A0D8D3E62B6CDBDD0018C98F /* UITableViewCell+extension.swift in Sources */,
				A0D8D3E42B6CDBBA0018C98F /* Encodable+extension.swift in Sources */,
				A0D8D3DC2B6CDB390018C98F /* UIView+extension.swift in Sources */,
				A0D8D4022B6CDFD20018C98F /* KeychainManager.swift in Sources */,
				A04CCEA72B6D4AB0006FC749 /* RegistrationPresenter.swift in Sources */,
				A04CCE982B6D2277006FC749 /* BasePresenterProtocol.swift in Sources */,
				A045FCD02B6E871B00BA3518 /* BaseTableViewCell.swift in Sources */,
				A0D8D3F42B6CDCE20018C98F /* NetworkError.swift in Sources */,
				A045FCC72B6E71A300BA3518 /* RestaurantsModuleBuilder.swift in Sources */,
				A0D8D3DE2B6CDB5A0018C98F /* UIStackView+extension.swift in Sources */,
				A04CCE9B2B6D2658006FC749 /* LoginService.swift in Sources */,
				A045FCD32B6EA6D100BA3518 /* LocationManager.swift in Sources */,
				A0D8D3B12B6CD88E0018C98F /* SceneDelegate.swift in Sources */,
				A0D8D3FA2B6CDD8D0018C98F /* NavigationManager.swift in Sources */,
				A04CCEAB2B6D4AC8006FC749 /* RegistrationRouter.swift in Sources */,
			);
			runOnlyForDeploymentPostprocessing = 0;
		};
/* End PBXSourcesBuildPhase section */

/* Begin PBXVariantGroup section */
		A0D8D3B92B6CD88F0018C98F /* LaunchScreen.storyboard */ = {
			isa = PBXVariantGroup;
			children = (
				A0D8D3BA2B6CD88F0018C98F /* Base */,
			);
			name = LaunchScreen.storyboard;
			sourceTree = "<group>";
		};
/* End PBXVariantGroup section */

/* Begin XCBuildConfiguration section */
		A0D8D3BD2B6CD88F0018C98F /* Debug */ = {
			isa = XCBuildConfiguration;
			buildSettings = {
				ALWAYS_SEARCH_USER_PATHS = NO;
				ASSETCATALOG_COMPILER_GENERATE_SWIFT_ASSET_SYMBOL_EXTENSIONS = YES;
				CLANG_ANALYZER_NONNULL = YES;
				CLANG_ANALYZER_NUMBER_OBJECT_CONVERSION = YES_AGGRESSIVE;
				CLANG_CXX_LANGUAGE_STANDARD = "gnu++20";
				CLANG_ENABLE_MODULES = YES;
				CLANG_ENABLE_OBJC_ARC = YES;
				CLANG_ENABLE_OBJC_WEAK = YES;
				CLANG_WARN_BLOCK_CAPTURE_AUTORELEASING = YES;
				CLANG_WARN_BOOL_CONVERSION = YES;
				CLANG_WARN_COMMA = YES;
				CLANG_WARN_CONSTANT_CONVERSION = YES;
				CLANG_WARN_DEPRECATED_OBJC_IMPLEMENTATIONS = YES;
				CLANG_WARN_DIRECT_OBJC_ISA_USAGE = YES_ERROR;
				CLANG_WARN_DOCUMENTATION_COMMENTS = YES;
				CLANG_WARN_EMPTY_BODY = YES;
				CLANG_WARN_ENUM_CONVERSION = YES;
				CLANG_WARN_INFINITE_RECURSION = YES;
				CLANG_WARN_INT_CONVERSION = YES;
				CLANG_WARN_NON_LITERAL_NULL_CONVERSION = YES;
				CLANG_WARN_OBJC_IMPLICIT_RETAIN_SELF = YES;
				CLANG_WARN_OBJC_LITERAL_CONVERSION = YES;
				CLANG_WARN_OBJC_ROOT_CLASS = YES_ERROR;
				CLANG_WARN_QUOTED_INCLUDE_IN_FRAMEWORK_HEADER = YES;
				CLANG_WARN_RANGE_LOOP_ANALYSIS = YES;
				CLANG_WARN_STRICT_PROTOTYPES = YES;
				CLANG_WARN_SUSPICIOUS_MOVE = YES;
				CLANG_WARN_UNGUARDED_AVAILABILITY = YES_AGGRESSIVE;
				CLANG_WARN_UNREACHABLE_CODE = YES;
				CLANG_WARN__DUPLICATE_METHOD_MATCH = YES;
				COPY_PHASE_STRIP = NO;
				DEBUG_INFORMATION_FORMAT = dwarf;
				ENABLE_STRICT_OBJC_MSGSEND = YES;
				ENABLE_TESTABILITY = YES;
				ENABLE_USER_SCRIPT_SANDBOXING = YES;
				GCC_C_LANGUAGE_STANDARD = gnu17;
				GCC_DYNAMIC_NO_PIC = NO;
				GCC_NO_COMMON_BLOCKS = YES;
				GCC_OPTIMIZATION_LEVEL = 0;
				GCC_PREPROCESSOR_DEFINITIONS = (
					"DEBUG=1",
					"$(inherited)",
				);
				GCC_WARN_64_TO_32_BIT_CONVERSION = YES;
				GCC_WARN_ABOUT_RETURN_TYPE = YES_ERROR;
				GCC_WARN_UNDECLARED_SELECTOR = YES;
				GCC_WARN_UNINITIALIZED_AUTOS = YES_AGGRESSIVE;
				GCC_WARN_UNUSED_FUNCTION = YES;
				GCC_WARN_UNUSED_VARIABLE = YES;
				IPHONEOS_DEPLOYMENT_TARGET = 17.0;
				LOCALIZATION_PREFERS_STRING_CATALOGS = YES;
				MTL_ENABLE_DEBUG_INFO = INCLUDE_SOURCE;
				MTL_FAST_MATH = YES;
				ONLY_ACTIVE_ARCH = YES;
				SDKROOT = iphoneos;
				SWIFT_ACTIVE_COMPILATION_CONDITIONS = "DEBUG $(inherited)";
				SWIFT_OPTIMIZATION_LEVEL = "-Onone";
			};
			name = Debug;
		};
		A0D8D3BE2B6CD88F0018C98F /* Release */ = {
			isa = XCBuildConfiguration;
			buildSettings = {
				ALWAYS_SEARCH_USER_PATHS = NO;
				ASSETCATALOG_COMPILER_GENERATE_SWIFT_ASSET_SYMBOL_EXTENSIONS = YES;
				CLANG_ANALYZER_NONNULL = YES;
				CLANG_ANALYZER_NUMBER_OBJECT_CONVERSION = YES_AGGRESSIVE;
				CLANG_CXX_LANGUAGE_STANDARD = "gnu++20";
				CLANG_ENABLE_MODULES = YES;
				CLANG_ENABLE_OBJC_ARC = YES;
				CLANG_ENABLE_OBJC_WEAK = YES;
				CLANG_WARN_BLOCK_CAPTURE_AUTORELEASING = YES;
				CLANG_WARN_BOOL_CONVERSION = YES;
				CLANG_WARN_COMMA = YES;
				CLANG_WARN_CONSTANT_CONVERSION = YES;
				CLANG_WARN_DEPRECATED_OBJC_IMPLEMENTATIONS = YES;
				CLANG_WARN_DIRECT_OBJC_ISA_USAGE = YES_ERROR;
				CLANG_WARN_DOCUMENTATION_COMMENTS = YES;
				CLANG_WARN_EMPTY_BODY = YES;
				CLANG_WARN_ENUM_CONVERSION = YES;
				CLANG_WARN_INFINITE_RECURSION = YES;
				CLANG_WARN_INT_CONVERSION = YES;
				CLANG_WARN_NON_LITERAL_NULL_CONVERSION = YES;
				CLANG_WARN_OBJC_IMPLICIT_RETAIN_SELF = YES;
				CLANG_WARN_OBJC_LITERAL_CONVERSION = YES;
				CLANG_WARN_OBJC_ROOT_CLASS = YES_ERROR;
				CLANG_WARN_QUOTED_INCLUDE_IN_FRAMEWORK_HEADER = YES;
				CLANG_WARN_RANGE_LOOP_ANALYSIS = YES;
				CLANG_WARN_STRICT_PROTOTYPES = YES;
				CLANG_WARN_SUSPICIOUS_MOVE = YES;
				CLANG_WARN_UNGUARDED_AVAILABILITY = YES_AGGRESSIVE;
				CLANG_WARN_UNREACHABLE_CODE = YES;
				CLANG_WARN__DUPLICATE_METHOD_MATCH = YES;
				COPY_PHASE_STRIP = NO;
				DEBUG_INFORMATION_FORMAT = "dwarf-with-dsym";
				ENABLE_NS_ASSERTIONS = NO;
				ENABLE_STRICT_OBJC_MSGSEND = YES;
				ENABLE_USER_SCRIPT_SANDBOXING = YES;
				GCC_C_LANGUAGE_STANDARD = gnu17;
				GCC_NO_COMMON_BLOCKS = YES;
				GCC_WARN_64_TO_32_BIT_CONVERSION = YES;
				GCC_WARN_ABOUT_RETURN_TYPE = YES_ERROR;
				GCC_WARN_UNDECLARED_SELECTOR = YES;
				GCC_WARN_UNINITIALIZED_AUTOS = YES_AGGRESSIVE;
				GCC_WARN_UNUSED_FUNCTION = YES;
				GCC_WARN_UNUSED_VARIABLE = YES;
				IPHONEOS_DEPLOYMENT_TARGET = 17.0;
				LOCALIZATION_PREFERS_STRING_CATALOGS = YES;
				MTL_ENABLE_DEBUG_INFO = NO;
				MTL_FAST_MATH = YES;
				SDKROOT = iphoneos;
				SWIFT_COMPILATION_MODE = wholemodule;
				VALIDATE_PRODUCT = YES;
			};
			name = Release;
		};
		A0D8D3C02B6CD88F0018C98F /* Debug */ = {
			isa = XCBuildConfiguration;
			buildSettings = {
				ASSETCATALOG_COMPILER_APPICON_NAME = AppIcon;
				ASSETCATALOG_COMPILER_GLOBAL_ACCENT_COLOR_NAME = AccentColor;
				CODE_SIGN_STYLE = Automatic;
				CURRENT_PROJECT_VERSION = 1;
				DEVELOPMENT_TEAM = F978FGBWMJ;
				GENERATE_INFOPLIST_FILE = YES;
				INFOPLIST_FILE = CoffeeLocation/Resources/Info.plist;
				INFOPLIST_KEY_UIApplicationSupportsIndirectInputEvents = YES;
				INFOPLIST_KEY_UILaunchStoryboardName = LaunchScreen;
				INFOPLIST_KEY_UIMainStoryboardFile = "";
				INFOPLIST_KEY_UISupportedInterfaceOrientations_iPad = "UIInterfaceOrientationPortrait UIInterfaceOrientationPortraitUpsideDown UIInterfaceOrientationLandscapeLeft UIInterfaceOrientationLandscapeRight";
				INFOPLIST_KEY_UISupportedInterfaceOrientations_iPhone = "UIInterfaceOrientationPortrait UIInterfaceOrientationLandscapeLeft UIInterfaceOrientationLandscapeRight";
				LD_RUNPATH_SEARCH_PATHS = (
					"$(inherited)",
					"@executable_path/Frameworks",
				);
				MARKETING_VERSION = 1.0;
				PRODUCT_BUNDLE_IDENTIFIER = com.SergeyPavlov.CoffeeLocation;
				PRODUCT_NAME = "$(TARGET_NAME)";
				SWIFT_EMIT_LOC_STRINGS = YES;
				SWIFT_VERSION = 5.0;
				TARGETED_DEVICE_FAMILY = "1,2";
			};
			name = Debug;
		};
		A0D8D3C12B6CD88F0018C98F /* Release */ = {
			isa = XCBuildConfiguration;
			buildSettings = {
				ASSETCATALOG_COMPILER_APPICON_NAME = AppIcon;
				ASSETCATALOG_COMPILER_GLOBAL_ACCENT_COLOR_NAME = AccentColor;
				CODE_SIGN_STYLE = Automatic;
				CURRENT_PROJECT_VERSION = 1;
				DEVELOPMENT_TEAM = F978FGBWMJ;
				GENERATE_INFOPLIST_FILE = YES;
				INFOPLIST_FILE = CoffeeLocation/Resources/Info.plist;
				INFOPLIST_KEY_UIApplicationSupportsIndirectInputEvents = YES;
				INFOPLIST_KEY_UILaunchStoryboardName = LaunchScreen;
				INFOPLIST_KEY_UIMainStoryboardFile = "";
				INFOPLIST_KEY_UISupportedInterfaceOrientations_iPad = "UIInterfaceOrientationPortrait UIInterfaceOrientationPortraitUpsideDown UIInterfaceOrientationLandscapeLeft UIInterfaceOrientationLandscapeRight";
				INFOPLIST_KEY_UISupportedInterfaceOrientations_iPhone = "UIInterfaceOrientationPortrait UIInterfaceOrientationLandscapeLeft UIInterfaceOrientationLandscapeRight";
				LD_RUNPATH_SEARCH_PATHS = (
					"$(inherited)",
					"@executable_path/Frameworks",
				);
				MARKETING_VERSION = 1.0;
				PRODUCT_BUNDLE_IDENTIFIER = com.SergeyPavlov.CoffeeLocation;
				PRODUCT_NAME = "$(TARGET_NAME)";
				SWIFT_EMIT_LOC_STRINGS = YES;
				SWIFT_VERSION = 5.0;
				TARGETED_DEVICE_FAMILY = "1,2";
			};
			name = Release;
		};
/* End XCBuildConfiguration section */

/* Begin XCConfigurationList section */
		A0D8D3A62B6CD88E0018C98F /* Build configuration list for PBXProject "CoffeeLocation" */ = {
			isa = XCConfigurationList;
			buildConfigurations = (
				A0D8D3BD2B6CD88F0018C98F /* Debug */,
				A0D8D3BE2B6CD88F0018C98F /* Release */,
			);
			defaultConfigurationIsVisible = 0;
			defaultConfigurationName = Release;
		};
		A0D8D3BF2B6CD88F0018C98F /* Build configuration list for PBXNativeTarget "CoffeeLocation" */ = {
			isa = XCConfigurationList;
			buildConfigurations = (
				A0D8D3C02B6CD88F0018C98F /* Debug */,
				A0D8D3C12B6CD88F0018C98F /* Release */,
			);
			defaultConfigurationIsVisible = 0;
			defaultConfigurationName = Release;
		};
/* End XCConfigurationList section */

/* Begin XCRemoteSwiftPackageReference section */
		A0D8D3C82B6CDA300018C98F /* XCRemoteSwiftPackageReference "SnapKit" */ = {
			isa = XCRemoteSwiftPackageReference;
			repositoryURL = "https://github.com/SnapKit/SnapKit.git";
			requirement = {
				kind = upToNextMajorVersion;
				minimumVersion = 5.7.0;
			};
		};
		A0D8D3CD2B6CDA830018C98F /* XCRemoteSwiftPackageReference "IQKeyboardManager" */ = {
			isa = XCRemoteSwiftPackageReference;
			repositoryURL = "https://github.com/hackiftekhar/IQKeyboardManager.git";
			requirement = {
				kind = upToNextMajorVersion;
				minimumVersion = 7.0.1;
			};
		};
		A0D8D3D42B6CDB020018C98F /* XCRemoteSwiftPackageReference "Alamofire" */ = {
			isa = XCRemoteSwiftPackageReference;
			repositoryURL = "https://github.com/Alamofire/Alamofire.git";
			requirement = {
				kind = upToNextMajorVersion;
				minimumVersion = 5.8.1;
			};
		};
		A0D8D3D72B6CDB0F0018C98F /* XCRemoteSwiftPackageReference "Kingfisher" */ = {
			isa = XCRemoteSwiftPackageReference;
			repositoryURL = "https://github.com/onevcat/Kingfisher.git";
			requirement = {
				kind = upToNextMajorVersion;
				minimumVersion = 7.10.2;
			};
		};
/* End XCRemoteSwiftPackageReference section */

/* Begin XCSwiftPackageProductDependency section */
		A0D8D3C92B6CDA310018C98F /* SnapKit */ = {
			isa = XCSwiftPackageProductDependency;
			package = A0D8D3C82B6CDA300018C98F /* XCRemoteSwiftPackageReference "SnapKit" */;
			productName = SnapKit;
		};
		A0D8D3CB2B6CDA310018C98F /* SnapKit-Dynamic */ = {
			isa = XCSwiftPackageProductDependency;
			package = A0D8D3C82B6CDA300018C98F /* XCRemoteSwiftPackageReference "SnapKit" */;
			productName = "SnapKit-Dynamic";
		};
		A0D8D3CE2B6CDA830018C98F /* IQKeyboardManagerSwift */ = {
			isa = XCSwiftPackageProductDependency;
			package = A0D8D3CD2B6CDA830018C98F /* XCRemoteSwiftPackageReference "IQKeyboardManager" */;
			productName = IQKeyboardManagerSwift;
		};
		A0D8D3D52B6CDB020018C98F /* Alamofire */ = {
			isa = XCSwiftPackageProductDependency;
			package = A0D8D3D42B6CDB020018C98F /* XCRemoteSwiftPackageReference "Alamofire" */;
			productName = Alamofire;
		};
		A0D8D3D82B6CDB0F0018C98F /* Kingfisher */ = {
			isa = XCSwiftPackageProductDependency;
			package = A0D8D3D72B6CDB0F0018C98F /* XCRemoteSwiftPackageReference "Kingfisher" */;
			productName = Kingfisher;
		};
/* End XCSwiftPackageProductDependency section */
	};
	rootObject = A0D8D3A32B6CD88E0018C98F /* Project object */;
}
